
Microsoft Visual Studio Solution File, Format Version 12.00
# Visual Studio Version 17
VisualStudioVersion = 17.6.33712.159
MinimumVisualStudioVersion = 10.0.40219.1
Project("{FAE04EC0-301F-11D3-BF4B-00C04F79EFBC}") = "shoppinglistLab", "shoppinglistLab\shoppinglistLab.csproj", "{C0F1BB58-2737-4DF9-AC3E-08CC5CF17BDF}"
EndProject
Global
	GlobalSection(SolutionConfigurationPlatforms) = preSolution
		Debug|Any CPU = Debug|Any CPU
		Release|Any CPU = Release|Any CPU
	EndGlobalSection
	GlobalSection(ProjectConfigurationPlatforms) = postSolution
		{C0F1BB58-2737-4DF9-AC3E-08CC5CF17BDF}.Debug|Any CPU.ActiveCfg = Debug|Any CPU
		{C0F1BB58-2737-4DF9-AC3E-08CC5CF17BDF}.Debug|Any CPU.Build.0 = Debug|Any CPU
		{C0F1BB58-2737-4DF9-AC3E-08CC5CF17BDF}.Release|Any CPU.ActiveCfg = Release|Any CPU
		{C0F1BB58-2737-4DF9-AC3E-08CC5CF17BDF}.Release|Any CPU.Build.0 = Release|Any CPU
	EndGlobalSection
	GlobalSection(SolutionProperties) = preSolution
		HideSolutionNode = FALSE
	EndGlobalSection
	GlobalSection(ExtensibilityGlobals) = postSolution
		SolutionGuid = {8560B1E7-E1E5-42EA-B810-B4BA6CE8D707}
	EndGlobalSection
EndGlobal
