
Microsoft Visual Studio Solution File, Format Version 12.00
# Visual Studio Version 17
VisualStudioVersion = 17.6.33712.159
MinimumVisualStudioVersion = 10.0.40219.1
Project("{FAE04EC0-301F-11D3-BF4B-00C04F79EFBC}") = "basicLoopsLab", "basicLoopsLab\basicLoopsLab.csproj", "{2F7E2364-6F03-4E43-913D-F35B9E370CED}"
EndProject
Global
	GlobalSection(SolutionConfigurationPlatforms) = preSolution
		Debug|Any CPU = Debug|Any CPU
		Release|Any CPU = Release|Any CPU
	EndGlobalSection
	GlobalSection(ProjectConfigurationPlatforms) = postSolution
		{2F7E2364-6F03-4E43-913D-F35B9E370CED}.Debug|Any CPU.ActiveCfg = Debug|Any CPU
		{2F7E2364-6F03-4E43-913D-F35B9E370CED}.Debug|Any CPU.Build.0 = Debug|Any CPU
		{2F7E2364-6F03-4E43-913D-F35B9E370CED}.Release|Any CPU.ActiveCfg = Release|Any CPU
		{2F7E2364-6F03-4E43-913D-F35B9E370CED}.Release|Any CPU.Build.0 = Release|Any CPU
	EndGlobalSection
	GlobalSection(SolutionProperties) = preSolution
		HideSolutionNode = FALSE
	EndGlobalSection
	GlobalSection(ExtensibilityGlobals) = postSolution
		SolutionGuid = {F68053B5-9C71-4C10-9E8C-F5D8BD583561}
	EndGlobalSection
EndGlobal
