
Microsoft Visual Studio Solution File, Format Version 12.00
# Visual Studio Version 17
VisualStudioVersion = 17.6.33712.159
MinimumVisualStudioVersion = 10.0.40219.1
Project("{FAE04EC0-301F-11D3-BF4B-00C04F79EFBC}") = "basicStringProcessingLab", "basicStringProcessingLab\basicStringProcessingLab.csproj", "{2CE960B0-ABF7-43F9-AFB8-2DF6B24EB683}"
EndProject
Global
	GlobalSection(SolutionConfigurationPlatforms) = preSolution
		Debug|Any CPU = Debug|Any CPU
		Release|Any CPU = Release|Any CPU
	EndGlobalSection
	GlobalSection(ProjectConfigurationPlatforms) = postSolution
		{2CE960B0-ABF7-43F9-AFB8-2DF6B24EB683}.Debug|Any CPU.ActiveCfg = Debug|Any CPU
		{2CE960B0-ABF7-43F9-AFB8-2DF6B24EB683}.Debug|Any CPU.Build.0 = Debug|Any CPU
		{2CE960B0-ABF7-43F9-AFB8-2DF6B24EB683}.Release|Any CPU.ActiveCfg = Release|Any CPU
		{2CE960B0-ABF7-43F9-AFB8-2DF6B24EB683}.Release|Any CPU.Build.0 = Release|Any CPU
	EndGlobalSection
	GlobalSection(SolutionProperties) = preSolution
		HideSolutionNode = FALSE
	EndGlobalSection
	GlobalSection(ExtensibilityGlobals) = postSolution
		SolutionGuid = {B4863E09-F38A-49FD-BB24-AF245CCA2382}
	EndGlobalSection
EndGlobal
