
Microsoft Visual Studio Solution File, Format Version 12.00
# Visual Studio Version 17
VisualStudioVersion = 17.7.34024.191
MinimumVisualStudioVersion = 10.0.40219.1
Project("{FAE04EC0-301F-11D3-BF4B-00C04F79EFBC}") = "AdoptionLab", "AdoptionLab\AdoptionLab.csproj", "{BB181D8A-65EA-43CE-BF57-38F843D950FD}"
EndProject
Global
	GlobalSection(SolutionConfigurationPlatforms) = preSolution
		Debug|Any CPU = Debug|Any CPU
		Release|Any CPU = Release|Any CPU
	EndGlobalSection
	GlobalSection(ProjectConfigurationPlatforms) = postSolution
		{BB181D8A-65EA-43CE-BF57-38F843D950FD}.Debug|Any CPU.ActiveCfg = Debug|Any CPU
		{BB181D8A-65EA-43CE-BF57-38F843D950FD}.Debug|Any CPU.Build.0 = Debug|Any CPU
		{BB181D8A-65EA-43CE-BF57-38F843D950FD}.Release|Any CPU.ActiveCfg = Release|Any CPU
		{BB181D8A-65EA-43CE-BF57-38F843D950FD}.Release|Any CPU.Build.0 = Release|Any CPU
	EndGlobalSection
	GlobalSection(SolutionProperties) = preSolution
		HideSolutionNode = FALSE
	EndGlobalSection
	GlobalSection(ExtensibilityGlobals) = postSolution
		SolutionGuid = {147ABFD3-F366-4981-BC04-94874940DA5C}
	EndGlobalSection
EndGlobal
